// !$*UTF8*$!
{
	archiveVersion = 1;
	classes = {
	};
	objectVersion = 46;
	objects = {

/* Begin PBXBuildFile section */
		CAB31EDC18350D4A00D8CF4E /* Foundation.framework in Frameworks */ = {isa = PBXBuildFile; fileRef = CAB31EDB18350D4A00D8CF4E /* Foundation.framework */; };
		CAB31EDE18350D4A00D8CF4E /* CoreGraphics.framework in Frameworks */ = {isa = PBXBuildFile; fileRef = CAB31EDD18350D4A00D8CF4E /* CoreGraphics.framework */; };
		CAB31EE018350D4A00D8CF4E /* UIKit.framework in Frameworks */ = {isa = PBXBuildFile; fileRef = CAB31EDF18350D4A00D8CF4E /* UIKit.framework */; };
		CAB31EE618350D4A00D8CF4E /* InfoPlist.strings in Resources */ = {isa = PBXBuildFile; fileRef = CAB31EE418350D4A00D8CF4E /* InfoPlist.strings */; };
		CAB31EE818350D4A00D8CF4E /* main.m in Sources */ = {isa = PBXBuildFile; fileRef = CAB31EE718350D4A00D8CF4E /* main.m */; };
		CAB31EEC18350D4A00D8CF4E /* RMAppDelegate.m in Sources */ = {isa = PBXBuildFile; fileRef = CAB31EEB18350D4A00D8CF4E /* RMAppDelegate.m */; };
		CAB31EEF18350D4A00D8CF4E /* Main.storyboard in Resources */ = {isa = PBXBuildFile; fileRef = CAB31EED18350D4A00D8CF4E /* Main.storyboard */; };
		CAB31EF718350D4A00D8CF4E /* Images.xcassets in Resources */ = {isa = PBXBuildFile; fileRef = CAB31EF618350D4A00D8CF4E /* Images.xcassets */; };
		CAB31F1618350EBE00D8CF4E /* RMStepsController.m in Sources */ = {isa = PBXBuildFile; fileRef = CAB31F1518350EBE00D8CF4E /* RMStepsController.m */; };
		CAB31F1918350F2100D8CF4E /* RMModalStepsController.m in Sources */ = {isa = PBXBuildFile; fileRef = CAB31F1818350F2100D8CF4E /* RMModalStepsController.m */; };
		CAB31F1C1835101000D8CF4E /* RMDemoStepViewController.m in Sources */ = {isa = PBXBuildFile; fileRef = CAB31F1B1835101000D8CF4E /* RMDemoStepViewController.m */; };
		CAB31F281835123500D8CF4E /* RMStepsBar.m in Sources */ = {isa = PBXBuildFile; fileRef = CAB31F271835123500D8CF4E /* RMStepsBar.m */; };
		CAB31F2B1835128300D8CF4E /* RMStep.m in Sources */ = {isa = PBXBuildFile; fileRef = CAB31F2A1835128300D8CF4E /* RMStep.m */; };
		CAB31F2E1835360500D8CF4E /* RMStepSeperatorView.m in Sources */ = {isa = PBXBuildFile; fileRef = CAB31F2D1835360500D8CF4E /* RMStepSeperatorView.m */; };
		CAE8E55B18366C7300DA0BE9 /* UIViewController+RMStepsController.m in Sources */ = {isa = PBXBuildFile; fileRef = CAE8E55A18366C7300DA0BE9 /* UIViewController+RMStepsController.m */; };
		CAE8E55F1836C8B300DA0BE9 /* RMNavStepsViewController.m in Sources */ = {isa = PBXBuildFile; fileRef = CAE8E55E1836C8B300DA0BE9 /* RMNavStepsViewController.m */; };
/* End PBXBuildFile section */

/* Begin PBXFileReference section */
		CAB31ED818350D4A00D8CF4E /* RMStepsController-Demo.app */ = {isa = PBXFileReference; explicitFileType = wrapper.application; includeInIndex = 0; path = "RMStepsController-Demo.app"; sourceTree = BUILT_PRODUCTS_DIR; };
		CAB31EDB18350D4A00D8CF4E /* Foundation.framework */ = {isa = PBXFileReference; lastKnownFileType = wrapper.framework; name = Foundation.framework; path = System/Library/Frameworks/Foundation.framework; sourceTree = SDKROOT; };
		CAB31EDD18350D4A00D8CF4E /* CoreGraphics.framework */ = {isa = PBXFileReference; lastKnownFileType = wrapper.framework; name = CoreGraphics.framework; path = System/Library/Frameworks/CoreGraphics.framework; sourceTree = SDKROOT; };
		CAB31EDF18350D4A00D8CF4E /* UIKit.framework */ = {isa = PBXFileReference; lastKnownFileType = wrapper.framework; name = UIKit.framework; path = System/Library/Frameworks/UIKit.framework; sourceTree = SDKROOT; };
		CAB31EE318350D4A00D8CF4E /* RMStepsController-Demo-Info.plist */ = {isa = PBXFileReference; lastKnownFileType = text.plist.xml; path = "RMStepsController-Demo-Info.plist"; sourceTree = "<group>"; };
		CAB31EE518350D4A00D8CF4E /* en */ = {isa = PBXFileReference; lastKnownFileType = text.plist.strings; name = en; path = en.lproj/InfoPlist.strings; sourceTree = "<group>"; };
		CAB31EE718350D4A00D8CF4E /* main.m */ = {isa = PBXFileReference; lastKnownFileType = sourcecode.c.objc; path = main.m; sourceTree = "<group>"; };
		CAB31EE918350D4A00D8CF4E /* RMStepsController-Demo-Prefix.pch */ = {isa = PBXFileReference; lastKnownFileType = sourcecode.c.h; path = "RMStepsController-Demo-Prefix.pch"; sourceTree = "<group>"; };
		CAB31EEA18350D4A00D8CF4E /* RMAppDelegate.h */ = {isa = PBXFileReference; lastKnownFileType = sourcecode.c.h; path = RMAppDelegate.h; sourceTree = "<group>"; };
		CAB31EEB18350D4A00D8CF4E /* RMAppDelegate.m */ = {isa = PBXFileReference; lastKnownFileType = sourcecode.c.objc; path = RMAppDelegate.m; sourceTree = "<group>"; };
		CAB31EEE18350D4A00D8CF4E /* Base */ = {isa = PBXFileReference; lastKnownFileType = file.storyboard; name = Base; path = Base.lproj/Main.storyboard; sourceTree = "<group>"; };
		CAB31EF618350D4A00D8CF4E /* Images.xcassets */ = {isa = PBXFileReference; lastKnownFileType = folder.assetcatalog; path = Images.xcassets; sourceTree = "<group>"; };
		CAB31EFD18350D4A00D8CF4E /* XCTest.framework */ = {isa = PBXFileReference; lastKnownFileType = wrapper.framework; name = XCTest.framework; path = Library/Frameworks/XCTest.framework; sourceTree = DEVELOPER_DIR; };
		CAB31F1418350EBE00D8CF4E /* RMStepsController.h */ = {isa = PBXFileReference; fileEncoding = 4; lastKnownFileType = sourcecode.c.h; path = RMStepsController.h; sourceTree = "<group>"; };
		CAB31F1518350EBE00D8CF4E /* RMStepsController.m */ = {isa = PBXFileReference; fileEncoding = 4; lastKnownFileType = sourcecode.c.objc; path = RMStepsController.m; sourceTree = "<group>"; };
		CAB31F1718350F2100D8CF4E /* RMModalStepsController.h */ = {isa = PBXFileReference; fileEncoding = 4; lastKnownFileType = sourcecode.c.h; path = RMModalStepsController.h; sourceTree = "<group>"; };
		CAB31F1818350F2100D8CF4E /* RMModalStepsController.m */ = {isa = PBXFileReference; fileEncoding = 4; lastKnownFileType = sourcecode.c.objc; path = RMModalStepsController.m; sourceTree = "<group>"; };
		CAB31F1A1835101000D8CF4E /* RMDemoStepViewController.h */ = {isa = PBXFileReference; fileEncoding = 4; lastKnownFileType = sourcecode.c.h; path = RMDemoStepViewController.h; sourceTree = "<group>"; };
		CAB31F1B1835101000D8CF4E /* RMDemoStepViewController.m */ = {isa = PBXFileReference; fileEncoding = 4; lastKnownFileType = sourcecode.c.objc; path = RMDemoStepViewController.m; sourceTree = "<group>"; };
		CAB31F261835123500D8CF4E /* RMStepsBar.h */ = {isa = PBXFileReference; fileEncoding = 4; lastKnownFileType = sourcecode.c.h; path = RMStepsBar.h; sourceTree = "<group>"; };
		CAB31F271835123500D8CF4E /* RMStepsBar.m */ = {isa = PBXFileReference; fileEncoding = 4; lastKnownFileType = sourcecode.c.objc; path = RMStepsBar.m; sourceTree = "<group>"; };
		CAB31F291835128300D8CF4E /* RMStep.h */ = {isa = PBXFileReference; fileEncoding = 4; lastKnownFileType = sourcecode.c.h; path = RMStep.h; sourceTree = "<group>"; };
		CAB31F2A1835128300D8CF4E /* RMStep.m */ = {isa = PBXFileReference; fileEncoding = 4; lastKnownFileType = sourcecode.c.objc; path = RMStep.m; sourceTree = "<group>"; };
		CAB31F2C1835360500D8CF4E /* RMStepSeperatorView.h */ = {isa = PBXFileReference; fileEncoding = 4; lastKnownFileType = sourcecode.c.h; path = RMStepSeperatorView.h; sourceTree = "<group>"; };
		CAB31F2D1835360500D8CF4E /* RMStepSeperatorView.m */ = {isa = PBXFileReference; fileEncoding = 4; lastKnownFileType = sourcecode.c.objc; path = RMStepSeperatorView.m; sourceTree = "<group>"; };
		CAE8E556183669FA00DA0BE9 /* RMStep+Private.h */ = {isa = PBXFileReference; fileEncoding = 4; lastKnownFileType = sourcecode.c.h; path = "RMStep+Private.h"; sourceTree = "<group>"; };
		CAE8E55918366C7300DA0BE9 /* UIViewController+RMStepsController.h */ = {isa = PBXFileReference; fileEncoding = 4; lastKnownFileType = sourcecode.c.h; path = "UIViewController+RMStepsController.h"; sourceTree = "<group>"; };
		CAE8E55A18366C7300DA0BE9 /* UIViewController+RMStepsController.m */ = {isa = PBXFileReference; fileEncoding = 4; lastKnownFileType = sourcecode.c.objc; path = "UIViewController+RMStepsController.m"; sourceTree = "<group>"; };
		CAE8E55D1836C8B300DA0BE9 /* RMNavStepsViewController.h */ = {isa = PBXFileReference; fileEncoding = 4; lastKnownFileType = sourcecode.c.h; path = RMNavStepsViewController.h; sourceTree = "<group>"; };
		CAE8E55E1836C8B300DA0BE9 /* RMNavStepsViewController.m */ = {isa = PBXFileReference; fileEncoding = 4; lastKnownFileType = sourcecode.c.objc; path = RMNavStepsViewController.m; sourceTree = "<group>"; };
/* End PBXFileReference section */

/* Begin PBXFrameworksBuildPhase section */
		CAB31ED518350D4A00D8CF4E /* Frameworks */ = {
			isa = PBXFrameworksBuildPhase;
			buildActionMask = 2147483647;
			files = (
				CAB31EDE18350D4A00D8CF4E /* CoreGraphics.framework in Frameworks */,
				CAB31EE018350D4A00D8CF4E /* UIKit.framework in Frameworks */,
				CAB31EDC18350D4A00D8CF4E /* Foundation.framework in Frameworks */,
			);
			runOnlyForDeploymentPostprocessing = 0;
		};
/* End PBXFrameworksBuildPhase section */

/* Begin PBXGroup section */
		CAB31ECF18350D4900D8CF4E = {
			isa = PBXGroup;
			children = (
				CAB31F1318350D7300D8CF4E /* RMStepsController */,
				CAB31EE118350D4A00D8CF4E /* RMStepsController-Demo */,
				CAB31EDA18350D4A00D8CF4E /* Frameworks */,
				CAB31ED918350D4A00D8CF4E /* Products */,
			);
			sourceTree = "<group>";
		};
		CAB31ED918350D4A00D8CF4E /* Products */ = {
			isa = PBXGroup;
			children = (
				CAB31ED818350D4A00D8CF4E /* RMStepsController-Demo.app */,
			);
			name = Products;
			sourceTree = "<group>";
		};
		CAB31EDA18350D4A00D8CF4E /* Frameworks */ = {
			isa = PBXGroup;
			children = (
				CAB31EDB18350D4A00D8CF4E /* Foundation.framework */,
				CAB31EDD18350D4A00D8CF4E /* CoreGraphics.framework */,
				CAB31EDF18350D4A00D8CF4E /* UIKit.framework */,
				CAB31EFD18350D4A00D8CF4E /* XCTest.framework */,
			);
			name = Frameworks;
			sourceTree = "<group>";
		};
		CAB31EE118350D4A00D8CF4E /* RMStepsController-Demo */ = {
			isa = PBXGroup;
			children = (
				CAB31EEA18350D4A00D8CF4E /* RMAppDelegate.h */,
				CAB31EEB18350D4A00D8CF4E /* RMAppDelegate.m */,
				CAB31EED18350D4A00D8CF4E /* Main.storyboard */,
				CAB31F1718350F2100D8CF4E /* RMModalStepsController.h */,
				CAB31F1818350F2100D8CF4E /* RMModalStepsController.m */,
				CAE8E55D1836C8B300DA0BE9 /* RMNavStepsViewController.h */,
				CAE8E55E1836C8B300DA0BE9 /* RMNavStepsViewController.m */,
				CAB31F1A1835101000D8CF4E /* RMDemoStepViewController.h */,
				CAB31F1B1835101000D8CF4E /* RMDemoStepViewController.m */,
				CAB31EF618350D4A00D8CF4E /* Images.xcassets */,
				CAB31EE218350D4A00D8CF4E /* Supporting Files */,
			);
			path = "RMStepsController-Demo";
			sourceTree = "<group>";
		};
		CAB31EE218350D4A00D8CF4E /* Supporting Files */ = {
			isa = PBXGroup;
			children = (
				CAB31EE318350D4A00D8CF4E /* RMStepsController-Demo-Info.plist */,
				CAB31EE418350D4A00D8CF4E /* InfoPlist.strings */,
				CAB31EE718350D4A00D8CF4E /* main.m */,
				CAB31EE918350D4A00D8CF4E /* RMStepsController-Demo-Prefix.pch */,
			);
			name = "Supporting Files";
			sourceTree = "<group>";
		};
		CAB31F1318350D7300D8CF4E /* RMStepsController */ = {
			isa = PBXGroup;
			children = (
				CAB31F1418350EBE00D8CF4E /* RMStepsController.h */,
				CAB31F1518350EBE00D8CF4E /* RMStepsController.m */,
				CAB31F261835123500D8CF4E /* RMStepsBar.h */,
				CAB31F271835123500D8CF4E /* RMStepsBar.m */,
				CAB31F291835128300D8CF4E /* RMStep.h */,
				CAE8E556183669FA00DA0BE9 /* RMStep+Private.h */,
				CAB31F2A1835128300D8CF4E /* RMStep.m */,
				CAB31F2C1835360500D8CF4E /* RMStepSeperatorView.h */,
				CAB31F2D1835360500D8CF4E /* RMStepSeperatorView.m */,
				CAE8E55918366C7300DA0BE9 /* UIViewController+RMStepsController.h */,
				CAE8E55A18366C7300DA0BE9 /* UIViewController+RMStepsController.m */,
			);
			path = RMStepsController;
			sourceTree = "<group>";
		};
/* End PBXGroup section */

/* Begin PBXNativeTarget section */
		CAB31ED718350D4A00D8CF4E /* RMStepsController-Demo */ = {
			isa = PBXNativeTarget;
			buildConfigurationList = CAB31F0D18350D4A00D8CF4E /* Build configuration list for PBXNativeTarget "RMStepsController-Demo" */;
			buildPhases = (
				CAB31ED418350D4A00D8CF4E /* Sources */,
				CAB31ED518350D4A00D8CF4E /* Frameworks */,
				CAB31ED618350D4A00D8CF4E /* Resources */,
			);
			buildRules = (
			);
			dependencies = (
			);
			name = "RMStepsController-Demo";
			productName = "RMStepsController-Demo";
			productReference = CAB31ED818350D4A00D8CF4E /* RMStepsController-Demo.app */;
			productType = "com.apple.product-type.application";
		};
/* End PBXNativeTarget section */

/* Begin PBXProject section */
		CAB31ED018350D4900D8CF4E /* Project object */ = {
			isa = PBXProject;
			attributes = {
				CLASSPREFIX = RM;
				LastUpgradeCheck = 0500;
				ORGANIZATIONNAME = "Roland Moers";
			};
			buildConfigurationList = CAB31ED318350D4900D8CF4E /* Build configuration list for PBXProject "RMStepsController-Demo" */;
			compatibilityVersion = "Xcode 3.2";
			developmentRegion = English;
			hasScannedForEncodings = 0;
			knownRegions = (
				en,
				Base,
			);
			mainGroup = CAB31ECF18350D4900D8CF4E;
			productRefGroup = CAB31ED918350D4A00D8CF4E /* Products */;
			projectDirPath = "";
			projectRoot = "";
			targets = (
				CAB31ED718350D4A00D8CF4E /* RMStepsController-Demo */,
			);
		};
/* End PBXProject section */

/* Begin PBXResourcesBuildPhase section */
		CAB31ED618350D4A00D8CF4E /* Resources */ = {
			isa = PBXResourcesBuildPhase;
			buildActionMask = 2147483647;
			files = (
				CAB31EF718350D4A00D8CF4E /* Images.xcassets in Resources */,
				CAB31EE618350D4A00D8CF4E /* InfoPlist.strings in Resources */,
				CAB31EEF18350D4A00D8CF4E /* Main.storyboard in Resources */,
			);
			runOnlyForDeploymentPostprocessing = 0;
		};
/* End PBXResourcesBuildPhase section */

/* Begin PBXSourcesBuildPhase section */
		CAB31ED418350D4A00D8CF4E /* Sources */ = {
			isa = PBXSourcesBuildPhase;
			buildActionMask = 2147483647;
			files = (
				CAE8E55B18366C7300DA0BE9 /* UIViewController+RMStepsController.m in Sources */,
				CAB31F1C1835101000D8CF4E /* RMDemoStepViewController.m in Sources */,
				CAB31F1618350EBE00D8CF4E /* RMStepsController.m in Sources */,
				CAB31EE818350D4A00D8CF4E /* main.m in Sources */,
				CAE8E55F1836C8B300DA0BE9 /* RMNavStepsViewController.m in Sources */,
				CAB31F2E1835360500D8CF4E /* RMStepSeperatorView.m in Sources */,
				CAB31EEC18350D4A00D8CF4E /* RMAppDelegate.m in Sources */,
				CAB31F281835123500D8CF4E /* RMStepsBar.m in Sources */,
				CAB31F2B1835128300D8CF4E /* RMStep.m in Sources */,
				CAB31F1918350F2100D8CF4E /* RMModalStepsController.m in Sources */,
			);
			runOnlyForDeploymentPostprocessing = 0;
		};
/* End PBXSourcesBuildPhase section */

/* Begin PBXVariantGroup section */
		CAB31EE418350D4A00D8CF4E /* InfoPlist.strings */ = {
			isa = PBXVariantGroup;
			children = (
				CAB31EE518350D4A00D8CF4E /* en */,
			);
			name = InfoPlist.strings;
			sourceTree = "<group>";
		};
		CAB31EED18350D4A00D8CF4E /* Main.storyboard */ = {
			isa = PBXVariantGroup;
			children = (
				CAB31EEE18350D4A00D8CF4E /* Base */,
			);
			name = Main.storyboard;
			sourceTree = "<group>";
		};
/* End PBXVariantGroup section */

/* Begin XCBuildConfiguration section */
		CAB31F0B18350D4A00D8CF4E /* Debug */ = {
			isa = XCBuildConfiguration;
			buildSettings = {
				ALWAYS_SEARCH_USER_PATHS = NO;
				ARCHS = "$(ARCHS_STANDARD_INCLUDING_64_BIT)";
				CLANG_CXX_LANGUAGE_STANDARD = "gnu++0x";
				CLANG_CXX_LIBRARY = "libc++";
				CLANG_ENABLE_MODULES = YES;
				CLANG_ENABLE_OBJC_ARC = YES;
				CLANG_WARN_BOOL_CONVERSION = YES;
				CLANG_WARN_CONSTANT_CONVERSION = YES;
				CLANG_WARN_DIRECT_OBJC_ISA_USAGE = YES_ERROR;
				CLANG_WARN_EMPTY_BODY = YES;
				CLANG_WARN_ENUM_CONVERSION = YES;
				CLANG_WARN_INT_CONVERSION = YES;
				CLANG_WARN_OBJC_ROOT_CLASS = YES_ERROR;
				CLANG_WARN__DUPLICATE_METHOD_MATCH = YES;
				"CODE_SIGN_IDENTITY[sdk=iphoneos*]" = "iPhone Developer";
				COPY_PHASE_STRIP = NO;
				GCC_C_LANGUAGE_STANDARD = gnu99;
				GCC_DYNAMIC_NO_PIC = NO;
				GCC_OPTIMIZATION_LEVEL = 0;
				GCC_PREPROCESSOR_DEFINITIONS = (
					"DEBUG=1",
					"$(inherited)",
				);
				GCC_SYMBOLS_PRIVATE_EXTERN = NO;
				GCC_WARN_64_TO_32_BIT_CONVERSION = YES;
				GCC_WARN_ABOUT_RETURN_TYPE = YES_ERROR;
				GCC_WARN_UNDECLARED_SELECTOR = YES;
				GCC_WARN_UNINITIALIZED_AUTOS = YES;
				GCC_WARN_UNUSED_FUNCTION = YES;
				GCC_WARN_UNUSED_VARIABLE = YES;
				IPHONEOS_DEPLOYMENT_TARGET = 7.0;
				ONLY_ACTIVE_ARCH = YES;
				SDKROOT = iphoneos;
			};
			name = Debug;
		};
		CAB31F0C18350D4A00D8CF4E /* Release */ = {
			isa = XCBuildConfiguration;
			buildSettings = {
				ALWAYS_SEARCH_USER_PATHS = NO;
				ARCHS = "$(ARCHS_STANDARD_INCLUDING_64_BIT)";
				CLANG_CXX_LANGUAGE_STANDARD = "gnu++0x";
				CLANG_CXX_LIBRARY = "libc++";
				CLANG_ENABLE_MODULES = YES;
				CLANG_ENABLE_OBJC_ARC = YES;
				CLANG_WARN_BOOL_CONVERSION = YES;
				CLANG_WARN_CONSTANT_CONVERSION = YES;
				CLANG_WARN_DIRECT_OBJC_ISA_USAGE = YES_ERROR;
				CLANG_WARN_EMPTY_BODY = YES;
				CLANG_WARN_ENUM_CONVERSION = YES;
				CLANG_WARN_INT_CONVERSION = YES;
				CLANG_WARN_OBJC_ROOT_CLASS = YES_ERROR;
				CLANG_WARN__DUPLICATE_METHOD_MATCH = YES;
				"CODE_SIGN_IDENTITY[sdk=iphoneos*]" = "iPhone Developer";
				COPY_PHASE_STRIP = YES;
				ENABLE_NS_ASSERTIONS = NO;
				GCC_C_LANGUAGE_STANDARD = gnu99;
				GCC_WARN_64_TO_32_BIT_CONVERSION = YES;
				GCC_WARN_ABOUT_RETURN_TYPE = YES_ERROR;
				GCC_WARN_UNDECLARED_SELECTOR = YES;
				GCC_WARN_UNINITIALIZED_AUTOS = YES;
				GCC_WARN_UNUSED_FUNCTION = YES;
				GCC_WARN_UNUSED_VARIABLE = YES;
				IPHONEOS_DEPLOYMENT_TARGET = 7.0;
				SDKROOT = iphoneos;
				VALIDATE_PRODUCT = YES;
			};
			name = Release;
		};
		CAB31F0E18350D4A00D8CF4E /* Debug */ = {
			isa = XCBuildConfiguration;
			buildSettings = {
				ASSETCATALOG_COMPILER_APPICON_NAME = AppIcon;
				ASSETCATALOG_COMPILER_LAUNCHIMAGE_NAME = LaunchImage;
				GCC_PRECOMPILE_PREFIX_HEADER = YES;
				GCC_PREFIX_HEADER = "RMStepsController-Demo/RMStepsController-Demo-Prefix.pch";
				INFOPLIST_FILE = "RMStepsController-Demo/RMStepsController-Demo-Info.plist";
				IPHONEOS_DEPLOYMENT_TARGET = 7.0;
				PRODUCT_NAME = "$(TARGET_NAME)";
				TARGETED_DEVICE_FAMILY = "1,2";
				WRAPPER_EXTENSION = app;
			};
			name = Debug;
		};
		CAB31F0F18350D4A00D8CF4E /* Release */ = {
			isa = XCBuildConfiguration;
			buildSettings = {
				ASSETCATALOG_COMPILER_APPICON_NAME = AppIcon;
				ASSETCATALOG_COMPILER_LAUNCHIMAGE_NAME = LaunchImage;
				GCC_PRECOMPILE_PREFIX_HEADER = YES;
				GCC_PREFIX_HEADER = "RMStepsController-Demo/RMStepsController-Demo-Prefix.pch";
				INFOPLIST_FILE = "RMStepsController-Demo/RMStepsController-Demo-Info.plist";
				IPHONEOS_DEPLOYMENT_TARGET = 7.0;
				PRODUCT_NAME = "$(TARGET_NAME)";
				TARGETED_DEVICE_FAMILY = "1,2";
				WRAPPER_EXTENSION = app;
			};
			name = Release;
		};
/* End XCBuildConfiguration section */

/* Begin XCConfigurationList section */
		CAB31ED318350D4900D8CF4E /* Build configuration list for PBXProject "RMStepsController-Demo" */ = {
			isa = XCConfigurationList;
			buildConfigurations = (
				CAB31F0B18350D4A00D8CF4E /* Debug */,
				CAB31F0C18350D4A00D8CF4E /* Release */,
			);
			defaultConfigurationIsVisible = 0;
			defaultConfigurationName = Release;
		};
		CAB31F0D18350D4A00D8CF4E /* Build configuration list for PBXNativeTarget "RMStepsController-Demo" */ = {
			isa = XCConfigurationList;
			buildConfigurations = (
				CAB31F0E18350D4A00D8CF4E /* Debug */,
				CAB31F0F18350D4A00D8CF4E /* Release */,
			);
			defaultConfigurationIsVisible = 0;
			defaultConfigurationName = Release;
		};
/* End XCConfigurationList section */
	};
	rootObject = CAB31ED018350D4900D8CF4E /* Project object */;
}
